
Microsoft Visual Studio Solution File, Format Version 12.00
# Visual Studio Version 17
VisualStudioVersion = 17.5.33516.290
MinimumVisualStudioVersion = 10.0.40219.1
Project("{FAE04EC0-301F-11D3-BF4B-00C04F79EFBC}") = "TempestQuestDesk", "TempestQuestDesk\TempestQuestDesk.csproj", "{84B1102B-5975-461B-8792-8316C418B714}"
EndProject
Project("{FAE04EC0-301F-11D3-BF4B-00C04F79EFBC}") = "QuestGUI", "QuestGUI\QuestGUI.csproj", "{452D121C-06B7-4A11-9015-B312956C2C34}"
EndProject
Global
	GlobalSection(SolutionConfigurationPlatforms) = preSolution
		Debug|Any CPU = Debug|Any CPU
		Release|Any CPU = Release|Any CPU
	EndGlobalSection
	GlobalSection(ProjectConfigurationPlatforms) = postSolution
		{84B1102B-5975-461B-8792-8316C418B714}.Debug|Any CPU.ActiveCfg = Debug|Any CPU
		{84B1102B-5975-461B-8792-8316C418B714}.Debug|Any CPU.Build.0 = Debug|Any CPU
		{84B1102B-5975-461B-8792-8316C418B714}.Release|Any CPU.ActiveCfg = Release|Any CPU
		{84B1102B-5975-461B-8792-8316C418B714}.Release|Any CPU.Build.0 = Release|Any CPU
		{452D121C-06B7-4A11-9015-B312956C2C34}.Debug|Any CPU.ActiveCfg = Debug|Any CPU
		{452D121C-06B7-4A11-9015-B312956C2C34}.Debug|Any CPU.Build.0 = Debug|Any CPU
		{452D121C-06B7-4A11-9015-B312956C2C34}.Release|Any CPU.ActiveCfg = Release|Any CPU
		{452D121C-06B7-4A11-9015-B312956C2C34}.Release|Any CPU.Build.0 = Release|Any CPU
	EndGlobalSection
	GlobalSection(SolutionProperties) = preSolution
		HideSolutionNode = FALSE
	EndGlobalSection
	GlobalSection(ExtensibilityGlobals) = postSolution
		SolutionGuid = {1FF79F2D-9D2D-4D07-A858-5AEFA32443EF}
	EndGlobalSection
EndGlobal
